
Microsoft Visual Studio Solution File, Format Version 12.00
# Visual Studio Version 17
VisualStudioVersion = 17.1.32421.90
MinimumVisualStudioVersion = 10.0.40219.1
Project("{FAE04EC0-301F-11D3-BF4B-00C04F79EFBC}") = "Tarea_Semana6_Cabezas.Android", "Tarea_Semana6_Cabezas.Android\Tarea_Semana6_Cabezas.Android.csproj", "{07EED596-E8B8-4F05-9063-40F214CD2BAA}"
EndProject
Project("{FAE04EC0-301F-11D3-BF4B-00C04F79EFBC}") = "Tarea_Semana6_Cabezas.iOS", "Tarea_Semana6_Cabezas.iOS\Tarea_Semana6_Cabezas.iOS.csproj", "{52E38019-8D79-42AE-B0BA-8521FF6B29A1}"
EndProject
Project("{FAE04EC0-301F-11D3-BF4B-00C04F79EFBC}") = "Tarea_Semana6_Cabezas", "Tarea_Semana6_Cabezas\Tarea_Semana6_Cabezas.csproj", "{3985E618-580B-4DF9-AD21-5FADAC717F69}"
EndProject
Global
	GlobalSection(SolutionConfigurationPlatforms) = preSolution
		Debug|Any CPU = Debug|Any CPU
		Debug|iPhone = Debug|iPhone
		Debug|iPhoneSimulator = Debug|iPhoneSimulator
		Release|Any CPU = Release|Any CPU
		Release|iPhone = Release|iPhone
		Release|iPhoneSimulator = Release|iPhoneSimulator
	EndGlobalSection
	GlobalSection(ProjectConfigurationPlatforms) = postSolution
		{07EED596-E8B8-4F05-9063-40F214CD2BAA}.Debug|Any CPU.ActiveCfg = Debug|Any CPU
		{07EED596-E8B8-4F05-9063-40F214CD2BAA}.Debug|Any CPU.Build.0 = Debug|Any CPU
		{07EED596-E8B8-4F05-9063-40F214CD2BAA}.Debug|Any CPU.Deploy.0 = Debug|Any CPU
		{07EED596-E8B8-4F05-9063-40F214CD2BAA}.Debug|iPhone.ActiveCfg = Debug|Any CPU
		{07EED596-E8B8-4F05-9063-40F214CD2BAA}.Debug|iPhone.Build.0 = Debug|Any CPU
		{07EED596-E8B8-4F05-9063-40F214CD2BAA}.Debug|iPhone.Deploy.0 = Debug|Any CPU
		{07EED596-E8B8-4F05-9063-40F214CD2BAA}.Debug|iPhoneSimulator.ActiveCfg = Debug|Any CPU
		{07EED596-E8B8-4F05-9063-40F214CD2BAA}.Debug|iPhoneSimulator.Build.0 = Debug|Any CPU
		{07EED596-E8B8-4F05-9063-40F214CD2BAA}.Debug|iPhoneSimulator.Deploy.0 = Debug|Any CPU
		{07EED596-E8B8-4F05-9063-40F214CD2BAA}.Release|Any CPU.ActiveCfg = Release|Any CPU
		{07EED596-E8B8-4F05-9063-40F214CD2BAA}.Release|Any CPU.Build.0 = Release|Any CPU
		{07EED596-E8B8-4F05-9063-40F214CD2BAA}.Release|Any CPU.Deploy.0 = Release|Any CPU
		{07EED596-E8B8-4F05-9063-40F214CD2BAA}.Release|iPhone.ActiveCfg = Release|Any CPU
		{07EED596-E8B8-4F05-9063-40F214CD2BAA}.Release|iPhone.Build.0 = Release|Any CPU
		{07EED596-E8B8-4F05-9063-40F214CD2BAA}.Release|iPhone.Deploy.0 = Release|Any CPU
		{07EED596-E8B8-4F05-9063-40F214CD2BAA}.Release|iPhoneSimulator.ActiveCfg = Release|Any CPU
		{07EED596-E8B8-4F05-9063-40F214CD2BAA}.Release|iPhoneSimulator.Build.0 = Release|Any CPU
		{07EED596-E8B8-4F05-9063-40F214CD2BAA}.Release|iPhoneSimulator.Deploy.0 = Release|Any CPU
		{52E38019-8D79-42AE-B0BA-8521FF6B29A1}.Debug|Any CPU.ActiveCfg = Debug|iPhone
		{52E38019-8D79-42AE-B0BA-8521FF6B29A1}.Debug|Any CPU.Build.0 = Debug|iPhone
		{52E38019-8D79-42AE-B0BA-8521FF6B29A1}.Debug|Any CPU.Deploy.0 = Debug|iPhone
		{52E38019-8D79-42AE-B0BA-8521FF6B29A1}.Debug|iPhone.ActiveCfg = Debug|iPhone
		{52E38019-8D79-42AE-B0BA-8521FF6B29A1}.Debug|iPhone.Build.0 = Debug|iPhone
		{52E38019-8D79-42AE-B0BA-8521FF6B29A1}.Debug|iPhone.Deploy.0 = Debug|iPhone
		{52E38019-8D79-42AE-B0BA-8521FF6B29A1}.Debug|iPhoneSimulator.ActiveCfg = Debug|iPhoneSimulator
		{52E38019-8D79-42AE-B0BA-8521FF6B29A1}.Debug|iPhoneSimulator.Build.0 = Debug|iPhoneSimulator
		{52E38019-8D79-42AE-B0BA-8521FF6B29A1}.Debug|iPhoneSimulator.Deploy.0 = Debug|iPhoneSimulator
		{52E38019-8D79-42AE-B0BA-8521FF6B29A1}.Release|Any CPU.ActiveCfg = Release|iPhoneSimulator
		{52E38019-8D79-42AE-B0BA-8521FF6B29A1}.Release|Any CPU.Build.0 = Release|iPhoneSimulator
		{52E38019-8D79-42AE-B0BA-8521FF6B29A1}.Release|Any CPU.Deploy.0 = Release|iPhoneSimulator
		{52E38019-8D79-42AE-B0BA-8521FF6B29A1}.Release|iPhone.ActiveCfg = Release|iPhone
		{52E38019-8D79-42AE-B0BA-8521FF6B29A1}.Release|iPhone.Build.0 = Release|iPhone
		{52E38019-8D79-42AE-B0BA-8521FF6B29A1}.Release|iPhone.Deploy.0 = Release|iPhone
		{52E38019-8D79-42AE-B0BA-8521FF6B29A1}.Release|iPhoneSimulator.ActiveCfg = Release|iPhoneSimulator
		{52E38019-8D79-42AE-B0BA-8521FF6B29A1}.Release|iPhoneSimulator.Build.0 = Release|iPhoneSimulator
		{52E38019-8D79-42AE-B0BA-8521FF6B29A1}.Release|iPhoneSimulator.Deploy.0 = Release|iPhoneSimulator
		{3985E618-580B-4DF9-AD21-5FADAC717F69}.Debug|Any CPU.ActiveCfg = Debug|Any CPU
		{3985E618-580B-4DF9-AD21-5FADAC717F69}.Debug|Any CPU.Build.0 = Debug|Any CPU
		{3985E618-580B-4DF9-AD21-5FADAC717F69}.Debug|Any CPU.Deploy.0 = Debug|Any CPU
		{3985E618-580B-4DF9-AD21-5FADAC717F69}.Debug|iPhone.ActiveCfg = Debug|Any CPU
		{3985E618-580B-4DF9-AD21-5FADAC717F69}.Debug|iPhone.Build.0 = Debug|Any CPU
		{3985E618-580B-4DF9-AD21-5FADAC717F69}.Debug|iPhone.Deploy.0 = Debug|Any CPU
		{3985E618-580B-4DF9-AD21-5FADAC717F69}.Debug|iPhoneSimulator.ActiveCfg = Debug|Any CPU
		{3985E618-580B-4DF9-AD21-5FADAC717F69}.Debug|iPhoneSimulator.Build.0 = Debug|Any CPU
		{3985E618-580B-4DF9-AD21-5FADAC717F69}.Debug|iPhoneSimulator.Deploy.0 = Debug|Any CPU
		{3985E618-580B-4DF9-AD21-5FADAC717F69}.Release|Any CPU.ActiveCfg = Release|Any CPU
		{3985E618-580B-4DF9-AD21-5FADAC717F69}.Release|Any CPU.Build.0 = Release|Any CPU
		{3985E618-580B-4DF9-AD21-5FADAC717F69}.Release|Any CPU.Deploy.0 = Release|Any CPU
		{3985E618-580B-4DF9-AD21-5FADAC717F69}.Release|iPhone.ActiveCfg = Release|Any CPU
		{3985E618-580B-4DF9-AD21-5FADAC717F69}.Release|iPhone.Build.0 = Release|Any CPU
		{3985E618-580B-4DF9-AD21-5FADAC717F69}.Release|iPhone.Deploy.0 = Release|Any CPU
		{3985E618-580B-4DF9-AD21-5FADAC717F69}.Release|iPhoneSimulator.ActiveCfg = Release|Any CPU
		{3985E618-580B-4DF9-AD21-5FADAC717F69}.Release|iPhoneSimulator.Build.0 = Release|Any CPU
		{3985E618-580B-4DF9-AD21-5FADAC717F69}.Release|iPhoneSimulator.Deploy.0 = Release|Any CPU
	EndGlobalSection
	GlobalSection(SolutionProperties) = preSolution
		HideSolutionNode = FALSE
	EndGlobalSection
	GlobalSection(ExtensibilityGlobals) = postSolution
		SolutionGuid = {6538373B-8915-4561-8129-895B6DA97CDC}
	EndGlobalSection
EndGlobal
